
Microsoft Visual Studio Solution File, Format Version 12.00
# Visual Studio 15
VisualStudioVersion = 15.0.28307.645
MinimumVisualStudioVersion = 10.0.40219.1
Project("{FAE04EC0-301F-11D3-BF4B-00C04F79EFBC}") = "GSTCHelper", "GSTCHelper\GSTCHelper.csproj", "{A5B5130E-5CB1-4965-B645-10526E56FB4D}"
EndProject
Global
	GlobalSection(SolutionConfigurationPlatforms) = preSolution
		Debug|Any CPU = Debug|Any CPU
		Release|Any CPU = Release|Any CPU
	EndGlobalSection
	GlobalSection(ProjectConfigurationPlatforms) = postSolution
		{A5B5130E-5CB1-4965-B645-10526E56FB4D}.Debug|Any CPU.ActiveCfg = Debug|Any CPU
		{A5B5130E-5CB1-4965-B645-10526E56FB4D}.Debug|Any CPU.Build.0 = Debug|Any CPU
		{A5B5130E-5CB1-4965-B645-10526E56FB4D}.Release|Any CPU.ActiveCfg = Release|Any CPU
		{A5B5130E-5CB1-4965-B645-10526E56FB4D}.Release|Any CPU.Build.0 = Release|Any CPU
	EndGlobalSection
	GlobalSection(SolutionProperties) = preSolution
		HideSolutionNode = FALSE
	EndGlobalSection
	GlobalSection(ExtensibilityGlobals) = postSolution
		SolutionGuid = {AEC9D431-1D78-413F-A461-306723B157E6}
	EndGlobalSection
EndGlobal
